
Microsoft Visual Studio Solution File, Format Version 12.00
# Visual Studio 2012
Project("{FAE04EC0-301F-11D3-BF4B-00C04F79EFBC}") = "BeuTell", "BeuTell\BeuTell.csproj", "{B087A6D1-E185-4CF8-BE02-34A9922EE4D9}"
EndProject
Project("{FAE04EC0-301F-11D3-BF4B-00C04F79EFBC}") = "BeuTell.iOS", "iOS\BeuTell.iOS.csproj", "{EAF4F83D-825C-4153-AB61-D885F438A580}"
EndProject
Project("{FAE04EC0-301F-11D3-BF4B-00C04F79EFBC}") = "BeuTell.Droid", "Droid\BeuTell.Droid.csproj", "{369C370C-6DF4-4197-9B1E-0BF3F48063CC}"
EndProject
Global
	GlobalSection(SolutionConfigurationPlatforms) = preSolution
		Debug|Any CPU = Debug|Any CPU
		Release|Any CPU = Release|Any CPU
		Debug|iPhoneSimulator = Debug|iPhoneSimulator
		Release|iPhone = Release|iPhone
		Release|iPhoneSimulator = Release|iPhoneSimulator
		Debug|iPhone = Debug|iPhone
	EndGlobalSection
	GlobalSection(ProjectConfigurationPlatforms) = postSolution
		{B087A6D1-E185-4CF8-BE02-34A9922EE4D9}.Debug|Any CPU.ActiveCfg = Debug|Any CPU
		{B087A6D1-E185-4CF8-BE02-34A9922EE4D9}.Debug|Any CPU.Build.0 = Debug|Any CPU
		{B087A6D1-E185-4CF8-BE02-34A9922EE4D9}.Release|Any CPU.ActiveCfg = Release|Any CPU
		{B087A6D1-E185-4CF8-BE02-34A9922EE4D9}.Release|Any CPU.Build.0 = Release|Any CPU
		{B087A6D1-E185-4CF8-BE02-34A9922EE4D9}.Debug|iPhoneSimulator.ActiveCfg = Debug|Any CPU
		{B087A6D1-E185-4CF8-BE02-34A9922EE4D9}.Debug|iPhoneSimulator.Build.0 = Debug|Any CPU
		{B087A6D1-E185-4CF8-BE02-34A9922EE4D9}.Release|iPhone.ActiveCfg = Release|Any CPU
		{B087A6D1-E185-4CF8-BE02-34A9922EE4D9}.Release|iPhone.Build.0 = Release|Any CPU
		{B087A6D1-E185-4CF8-BE02-34A9922EE4D9}.Release|iPhoneSimulator.ActiveCfg = Release|Any CPU
		{B087A6D1-E185-4CF8-BE02-34A9922EE4D9}.Release|iPhoneSimulator.Build.0 = Release|Any CPU
		{B087A6D1-E185-4CF8-BE02-34A9922EE4D9}.Debug|iPhone.ActiveCfg = Debug|Any CPU
		{B087A6D1-E185-4CF8-BE02-34A9922EE4D9}.Debug|iPhone.Build.0 = Debug|Any CPU
		{EAF4F83D-825C-4153-AB61-D885F438A580}.Debug|Any CPU.ActiveCfg = Debug|iPhoneSimulator
		{EAF4F83D-825C-4153-AB61-D885F438A580}.Debug|Any CPU.Build.0 = Debug|iPhoneSimulator
		{EAF4F83D-825C-4153-AB61-D885F438A580}.Release|Any CPU.ActiveCfg = Release|iPhone
		{EAF4F83D-825C-4153-AB61-D885F438A580}.Release|Any CPU.Build.0 = Release|iPhone
		{EAF4F83D-825C-4153-AB61-D885F438A580}.Debug|iPhoneSimulator.ActiveCfg = Debug|iPhoneSimulator
		{EAF4F83D-825C-4153-AB61-D885F438A580}.Debug|iPhoneSimulator.Build.0 = Debug|iPhoneSimulator
		{EAF4F83D-825C-4153-AB61-D885F438A580}.Release|iPhone.ActiveCfg = Release|iPhone
		{EAF4F83D-825C-4153-AB61-D885F438A580}.Release|iPhone.Build.0 = Release|iPhone
		{EAF4F83D-825C-4153-AB61-D885F438A580}.Release|iPhoneSimulator.ActiveCfg = Release|iPhoneSimulator
		{EAF4F83D-825C-4153-AB61-D885F438A580}.Release|iPhoneSimulator.Build.0 = Release|iPhoneSimulator
		{EAF4F83D-825C-4153-AB61-D885F438A580}.Debug|iPhone.ActiveCfg = Debug|iPhone
		{EAF4F83D-825C-4153-AB61-D885F438A580}.Debug|iPhone.Build.0 = Debug|iPhone
		{369C370C-6DF4-4197-9B1E-0BF3F48063CC}.Debug|Any CPU.ActiveCfg = Debug|Any CPU
		{369C370C-6DF4-4197-9B1E-0BF3F48063CC}.Debug|Any CPU.Build.0 = Debug|Any CPU
		{369C370C-6DF4-4197-9B1E-0BF3F48063CC}.Release|Any CPU.ActiveCfg = Release|Any CPU
		{369C370C-6DF4-4197-9B1E-0BF3F48063CC}.Release|Any CPU.Build.0 = Release|Any CPU
		{369C370C-6DF4-4197-9B1E-0BF3F48063CC}.Debug|iPhoneSimulator.ActiveCfg = Debug|Any CPU
		{369C370C-6DF4-4197-9B1E-0BF3F48063CC}.Debug|iPhoneSimulator.Build.0 = Debug|Any CPU
		{369C370C-6DF4-4197-9B1E-0BF3F48063CC}.Release|iPhone.ActiveCfg = Release|Any CPU
		{369C370C-6DF4-4197-9B1E-0BF3F48063CC}.Release|iPhone.Build.0 = Release|Any CPU
		{369C370C-6DF4-4197-9B1E-0BF3F48063CC}.Release|iPhoneSimulator.ActiveCfg = Release|Any CPU
		{369C370C-6DF4-4197-9B1E-0BF3F48063CC}.Release|iPhoneSimulator.Build.0 = Release|Any CPU
		{369C370C-6DF4-4197-9B1E-0BF3F48063CC}.Debug|iPhone.ActiveCfg = Debug|Any CPU
		{369C370C-6DF4-4197-9B1E-0BF3F48063CC}.Debug|iPhone.Build.0 = Debug|Any CPU
	EndGlobalSection
EndGlobal
